
Microsoft Visual Studio Solution File, Format Version 12.00
# Visual Studio Version 17
VisualStudioVersion = 17.6.33829.357
MinimumVisualStudioVersion = 10.0.40219.1
Project("{FAE04EC0-301F-11D3-BF4B-00C04F79EFBC}") = "MesclarBancosLocais", "MesclarBancosLocais.csproj", "{3A0C019A-DBAF-48FE-B036-326D0956293A}"
EndProject
Global
	GlobalSection(SolutionConfigurationPlatforms) = preSolution
		Debug|Any CPU = Debug|Any CPU
		Release|Any CPU = Release|Any CPU
	EndGlobalSection
	GlobalSection(ProjectConfigurationPlatforms) = postSolution
		{3A0C019A-DBAF-48FE-B036-326D0956293A}.Debug|Any CPU.ActiveCfg = Debug|Any CPU
		{3A0C019A-DBAF-48FE-B036-326D0956293A}.Debug|Any CPU.Build.0 = Debug|Any CPU
		{3A0C019A-DBAF-48FE-B036-326D0956293A}.Release|Any CPU.ActiveCfg = Release|Any CPU
		{3A0C019A-DBAF-48FE-B036-326D0956293A}.Release|Any CPU.Build.0 = Release|Any CPU
	EndGlobalSection
	GlobalSection(SolutionProperties) = preSolution
		HideSolutionNode = FALSE
	EndGlobalSection
	GlobalSection(ExtensibilityGlobals) = postSolution
		SolutionGuid = {F910A795-6CF4-404A-B07E-6571487D3194}
	EndGlobalSection
EndGlobal
